{
  "nodes": {
    "darwin": {
      "inputs": {
        "nixpkgs": [
          "nixpkgs"
        ]
      },
      "locked": {
        "lastModified": 1704277720,
        "narHash": "sha256-meAKNgmh3goankLGWqqpw73pm9IvXjEENJloF0coskE=",
        "owner": "lnl7",
        "repo": "nix-darwin",
        "rev": "0dd382b70c351f528561f71a0a7df82c9d2be9a4",
        "type": "github"
      },
      "original": {
        "owner": "lnl7",
        "repo": "nix-darwin",
        "type": "github"
      }
    },
    "flake-utils": {
      "inputs": {
        "systems": "systems"
      },
      "locked": {
        "lastModified": 1701680307,
        "narHash": "sha256-kAuep2h5ajznlPMD9rnQyffWG8EM/C73lejGofXvdM8=",
        "owner": "numtide",
        "repo": "flake-utils",
        "rev": "4022d587cbbfd70fe950c1e2083a02621806a725",
        "type": "github"
      },
      "original": {
        "owner": "numtide",
        "repo": "flake-utils",
        "type": "github"
      }
    },
    "home-manager": {
      "inputs": {
        "nixpkgs": [
          "nixpkgs"
        ]
      },
      "locked": {
        "lastModified": 1704311514,
        "narHash": "sha256-j6JsfCv31bW7LzV06q2L/27QZ4k1Zq7lEq2AR9R150A=",
        "owner": "nix-community",
        "repo": "home-manager",
        "rev": "fcbc70a7ee064f2b65dc1fac1717ca2a9813bbe6",
        "type": "github"
      },
      "original": {
        "owner": "nix-community",
        "repo": "home-manager",
        "type": "github"
      }
    },
    "kauz": {
      "inputs": {
        "nixpkgs": "nixpkgs"
      },
      "locked": {
        "lastModified": 1704203983,
        "narHash": "sha256-DiBv84Ikxjpp7ziltWeQM5rrYLDDlaLqifsxqzQhJGo=",
        "owner": "buntec",
        "repo": "kauz",
        "rev": "5cf94d4f3024a55f9230a8dfd4cf3de252fa0d3b",
        "type": "github"
      },
      "original": {
        "owner": "buntec",
        "repo": "kauz",
        "type": "github"
      }
    },
    "nixpkgs": {
      "locked": {
        "lastModified": 1700108881,
        "narHash": "sha256-+Lqybl8kj0+nD/IlAWPPG/RDTa47gff9nbei0u7BntE=",
        "owner": "NixOS",
        "repo": "nixpkgs",
        "rev": "7414e9ee0b3e9903c24d3379f577a417f0aae5f1",
        "type": "github"
      },
      "original": {
        "id": "nixpkgs",
        "type": "indirect"
      }
    },
    "nixpkgs_2": {
      "locked": {
        "lastModified": 1704194953,
        "narHash": "sha256-RtDKd8Mynhe5CFnVT8s0/0yqtWFMM9LmCzXv/YKxnq4=",
        "owner": "nixos",
        "repo": "nixpkgs",
        "rev": "bd645e8668ec6612439a9ee7e71f7eac4099d4f6",
        "type": "github"
      },
      "original": {
        "owner": "nixos",
        "ref": "nixos-unstable",
        "repo": "nixpkgs",
        "type": "github"
      }
    },
    "root": {
      "inputs": {
        "darwin": "darwin",
        "flake-utils": "flake-utils",
        "home-manager": "home-manager",
        "kauz": "kauz",
        "nixpkgs": "nixpkgs_2",
        "tokyonight": "tokyonight"
      }
    },
    "systems": {
      "locked": {
        "lastModified": 1681028828,
        "narHash": "sha256-Vy1rq5AaRuLzOxct8nz4T6wlgyUR7zLU309k9mBC768=",
        "owner": "nix-systems",
        "repo": "default",
        "rev": "da67096a3b9bf56a91d16901293e51ba5b49a27e",
        "type": "github"
      },
      "original": {
        "owner": "nix-systems",
        "repo": "default",
        "type": "github"
      }
    },
    "tokyonight": {
      "inputs": {
        "tokyonight": "tokyonight_2"
      },
      "locked": {
        "lastModified": 1704273076,
        "narHash": "sha256-CmokLfKuq+lBqXe9e8cmrTGBjaYWFDE4gHyj/Euw9OM=",
        "owner": "ramytanios",
        "repo": "tokyonight-colorscheme-nix-flake",
        "rev": "7f9f7f14eb3ac1adcdd13dc20c5b9125991cf9c6",
        "type": "github"
      },
      "original": {
        "owner": "ramytanios",
        "repo": "tokyonight-colorscheme-nix-flake",
        "type": "github"
      }
    },
    "tokyonight_2": {
      "flake": false,
      "locked": {
        "lastModified": 1698229236,
        "narHash": "sha256-axjZVZOI+WIv85FfMG+lxftDKlDIw/HzQKyJVFkL33M=",
        "owner": "folke",
        "repo": "tokyonight.nvim",
        "rev": "f247ee700b569ed43f39320413a13ba9b0aef0db",
        "type": "github"
      },
      "original": {
        "owner": "folke",
        "repo": "tokyonight.nvim",
        "type": "github"
      }
    }
  },
  "root": "root",
  "version": 7
}
